
Microsoft Visual Studio Solution File, Format Version 12.00
# Visual Studio Version 16
VisualStudioVersion = 16.0.31727.386
MinimumVisualStudioVersion = 10.0.40219.1
Project("{FAE04EC0-301F-11D3-BF4B-00C04F79EFBC}") = "Presentation Layer", "Presentation Layer\Presentation Layer.csproj", "{7AE4BD08-372D-4168-ACF1-2301BC4B0F48}"
EndProject
Project("{FAE04EC0-301F-11D3-BF4B-00C04F79EFBC}") = "Business Layer", "Business Layer\Business Layer.csproj", "{3F097CDC-93D9-46B7-A469-4105CD209CE7}"
EndProject
Project("{FAE04EC0-301F-11D3-BF4B-00C04F79EFBC}") = "Data Layer", "Data Layer\Data Layer.csproj", "{B2A261C9-188E-4DCA-9C18-BEFB69DD28AA}"
EndProject
Project("{FAE04EC0-301F-11D3-BF4B-00C04F79EFBC}") = "Shared", "Shared\Shared.csproj", "{755B944A-CE74-473D-B3DE-406F5636FE1E}"
EndProject
Project("{FAE04EC0-301F-11D3-BF4B-00C04F79EFBC}") = "Web Presentation Layer", "Web Presentation Layer\Web Presentation Layer.csproj", "{A8D0437B-874F-4232-9B78-6A8DC6CF6F4E}"
EndProject
Project("{2150E333-8FDC-42A3-9474-1A3956D46DE8}") = "Tests", "Tests", "{844C1224-0F71-46DD-BA07-D614DC1D22DC}"
EndProject
Project("{FAE04EC0-301F-11D3-BF4B-00C04F79EFBC}") = "UserBusinessTests", "UserBusinessTest\UserBusinessTests.csproj", "{33C49C0E-73D2-4562-BB8D-69D6EDF0C129}"
EndProject
Global
	GlobalSection(SolutionConfigurationPlatforms) = preSolution
		Debug|Any CPU = Debug|Any CPU
		Release|Any CPU = Release|Any CPU
	EndGlobalSection
	GlobalSection(ProjectConfigurationPlatforms) = postSolution
		{7AE4BD08-372D-4168-ACF1-2301BC4B0F48}.Debug|Any CPU.ActiveCfg = Debug|Any CPU
		{7AE4BD08-372D-4168-ACF1-2301BC4B0F48}.Debug|Any CPU.Build.0 = Debug|Any CPU
		{7AE4BD08-372D-4168-ACF1-2301BC4B0F48}.Release|Any CPU.ActiveCfg = Release|Any CPU
		{7AE4BD08-372D-4168-ACF1-2301BC4B0F48}.Release|Any CPU.Build.0 = Release|Any CPU
		{3F097CDC-93D9-46B7-A469-4105CD209CE7}.Debug|Any CPU.ActiveCfg = Debug|Any CPU
		{3F097CDC-93D9-46B7-A469-4105CD209CE7}.Debug|Any CPU.Build.0 = Debug|Any CPU
		{3F097CDC-93D9-46B7-A469-4105CD209CE7}.Release|Any CPU.ActiveCfg = Release|Any CPU
		{3F097CDC-93D9-46B7-A469-4105CD209CE7}.Release|Any CPU.Build.0 = Release|Any CPU
		{B2A261C9-188E-4DCA-9C18-BEFB69DD28AA}.Debug|Any CPU.ActiveCfg = Debug|Any CPU
		{B2A261C9-188E-4DCA-9C18-BEFB69DD28AA}.Debug|Any CPU.Build.0 = Debug|Any CPU
		{B2A261C9-188E-4DCA-9C18-BEFB69DD28AA}.Release|Any CPU.ActiveCfg = Release|Any CPU
		{B2A261C9-188E-4DCA-9C18-BEFB69DD28AA}.Release|Any CPU.Build.0 = Release|Any CPU
		{755B944A-CE74-473D-B3DE-406F5636FE1E}.Debug|Any CPU.ActiveCfg = Debug|Any CPU
		{755B944A-CE74-473D-B3DE-406F5636FE1E}.Debug|Any CPU.Build.0 = Debug|Any CPU
		{755B944A-CE74-473D-B3DE-406F5636FE1E}.Release|Any CPU.ActiveCfg = Release|Any CPU
		{755B944A-CE74-473D-B3DE-406F5636FE1E}.Release|Any CPU.Build.0 = Release|Any CPU
		{A8D0437B-874F-4232-9B78-6A8DC6CF6F4E}.Debug|Any CPU.ActiveCfg = Debug|Any CPU
		{A8D0437B-874F-4232-9B78-6A8DC6CF6F4E}.Debug|Any CPU.Build.0 = Debug|Any CPU
		{A8D0437B-874F-4232-9B78-6A8DC6CF6F4E}.Release|Any CPU.ActiveCfg = Release|Any CPU
		{A8D0437B-874F-4232-9B78-6A8DC6CF6F4E}.Release|Any CPU.Build.0 = Release|Any CPU
		{33C49C0E-73D2-4562-BB8D-69D6EDF0C129}.Debug|Any CPU.ActiveCfg = Debug|Any CPU
		{33C49C0E-73D2-4562-BB8D-69D6EDF0C129}.Debug|Any CPU.Build.0 = Debug|Any CPU
		{33C49C0E-73D2-4562-BB8D-69D6EDF0C129}.Release|Any CPU.ActiveCfg = Release|Any CPU
		{33C49C0E-73D2-4562-BB8D-69D6EDF0C129}.Release|Any CPU.Build.0 = Release|Any CPU
	EndGlobalSection
	GlobalSection(SolutionProperties) = preSolution
		HideSolutionNode = FALSE
	EndGlobalSection
	GlobalSection(NestedProjects) = preSolution
		{33C49C0E-73D2-4562-BB8D-69D6EDF0C129} = {844C1224-0F71-46DD-BA07-D614DC1D22DC}
	EndGlobalSection
	GlobalSection(ExtensibilityGlobals) = postSolution
		SolutionGuid = {F4002704-17D8-47CF-8B0B-1801DB8094C4}
	EndGlobalSection
EndGlobal
